
Microsoft Visual Studio Solution File, Format Version 12.00
# Visual Studio 14
VisualStudioVersion = 14.0.24720.0
MinimumVisualStudioVersion = 10.0.40219.1
Project("{FAE04EC0-301F-11D3-BF4B-00C04F79EFBC}") = "MarsRover", "MarsRover\MarsRover.csproj", "{2CBF5DB5-F1B7-440C-AA3F-B48223EC5086}"
EndProject
Project("{FAE04EC0-301F-11D3-BF4B-00C04F79EFBC}") = "MarsRover.Test", "MarsRover.Test\MarsRover.Test.csproj", "{D5348852-9671-4F2F-A1AC-409382855DFF}"
EndProject
Project("{FAE04EC0-301F-11D3-BF4B-00C04F79EFBC}") = "MarsRover.Web", "MarsRover.Web\MarsRover.Web.csproj", "{AFF1F053-F489-41CB-8011-BB665A57496D}"
EndProject
Global
	GlobalSection(SolutionConfigurationPlatforms) = preSolution
		Debug|Any CPU = Debug|Any CPU
		Release|Any CPU = Release|Any CPU
	EndGlobalSection
	GlobalSection(ProjectConfigurationPlatforms) = postSolution
		{2CBF5DB5-F1B7-440C-AA3F-B48223EC5086}.Debug|Any CPU.ActiveCfg = Debug|Any CPU
		{2CBF5DB5-F1B7-440C-AA3F-B48223EC5086}.Debug|Any CPU.Build.0 = Debug|Any CPU
		{2CBF5DB5-F1B7-440C-AA3F-B48223EC5086}.Release|Any CPU.ActiveCfg = Release|Any CPU
		{2CBF5DB5-F1B7-440C-AA3F-B48223EC5086}.Release|Any CPU.Build.0 = Release|Any CPU
		{D5348852-9671-4F2F-A1AC-409382855DFF}.Debug|Any CPU.ActiveCfg = Debug|Any CPU
		{D5348852-9671-4F2F-A1AC-409382855DFF}.Debug|Any CPU.Build.0 = Debug|Any CPU
		{D5348852-9671-4F2F-A1AC-409382855DFF}.Release|Any CPU.ActiveCfg = Release|Any CPU
		{D5348852-9671-4F2F-A1AC-409382855DFF}.Release|Any CPU.Build.0 = Release|Any CPU
		{AFF1F053-F489-41CB-8011-BB665A57496D}.Debug|Any CPU.ActiveCfg = Debug|Any CPU
		{AFF1F053-F489-41CB-8011-BB665A57496D}.Debug|Any CPU.Build.0 = Debug|Any CPU
		{AFF1F053-F489-41CB-8011-BB665A57496D}.Release|Any CPU.ActiveCfg = Release|Any CPU
		{AFF1F053-F489-41CB-8011-BB665A57496D}.Release|Any CPU.Build.0 = Release|Any CPU
	EndGlobalSection
	GlobalSection(SolutionProperties) = preSolution
		HideSolutionNode = FALSE
	EndGlobalSection
EndGlobal
